<?xml version="1.0" encoding="utf-8"?>
<Project ToolsVersion="4.0" xmlns="http://schemas.microsoft.com/developer/msbuild/2003">
  <ItemGroup>
    <Filter Include="Source Files">
      <UniqueIdentifier>{4FC737F1-C7A5-4376-A066-2A32D752A2FF}</UniqueIdentifier>
      <Extensions>cpp;c;cc;cxx;def;odl;idl;hpj;bat;asm;asmx</Extensions>
    </Filter>
    <Filter Include="Header Files">
      <UniqueIdentifier>{93995380-89BD-4b04-88EB-625FBE52EBFB}</UniqueIdentifier>
      <Extensions>h;hpp;hxx;hm;inl;inc;xsd</Extensions>
    </Filter>
    <Filter Include="Resource Files">
      <UniqueIdentifier>{67DA6AB6-F800-4c08-8B7A-83BB121AAD01}</UniqueIdentifier>
      <Extensions>rc;ico;cur;bmp;dlg;rc2;rct;bin;rgs;gif;jpg;jpeg;jpe;resx;tiff;tif;png;wav;mfcribbon-ms</Extensions>
    </Filter>
    <Filter Include="Source Files\Entities">
      <UniqueIdentifier>{59bc1895-c2e7-47e4-92d9-ed3a20254465}</UniqueIdentifier>
    </Filter>
    <Filter Include="Source Files\Entities\GameObjects">
      <UniqueIdentifier>{160a7702-dd05-4dae-aac7-7628ca0a2f4d}</UniqueIdentifier>
    </Filter>
    <Filter Include="Source Files\Entities\GameObjects\StaticObjects">
      <UniqueIdentifier>{1a470df3-0995-431c-aaa6-f2407e8c2fee}</UniqueIdentifier>
    </Filter>
    <Filter Include="Source Files\Entities\GameObjects\DynamicObjects">
      <UniqueIdentifier>{3fb30bb0-6dca-44fe-8ea7-b5c9279bbeb1}</UniqueIdentifier>
    </Filter>
    <Filter Include="Source Files\Entities\GameObjects\Cameras">
      <UniqueIdentifier>{71d052c3-4d0c-4d33-9507-fd45d6ed2d2e}</UniqueIdentifier>
    </Filter>
  </ItemGroup>
  <ItemGroup>
    <ClCompile Include="Entity.cpp">
      <Filter>Source Files</Filter>
    </ClCompile>
    <ClCompile Include="StaticObject.cpp">
      <Filter>Source Files\Entities\GameObjects</Filter>
    </ClCompile>
    <ClCompile Include="River.cpp">
      <Filter>Source Files\Entities\GameObjects\StaticObjects</Filter>
    </ClCompile>
    <ClCompile Include="RiverSide.cpp">
      <Filter>Source Files\Entities\GameObjects\StaticObjects</Filter>
    </ClCompile>
    <ClCompile Include="Road.cpp">
      <Filter>Source Files\Entities\GameObjects\StaticObjects</Filter>
    </ClCompile>
    <ClCompile Include="RoadSide.cpp">
      <Filter>Source Files\Entities\GameObjects\StaticObjects</Filter>
    </ClCompile>
    <ClCompile Include="DynamicObject.cpp">
      <Filter>Source Files\Entities\GameObjects</Filter>
    </ClCompile>
    <ClCompile Include="Bus.cpp">
      <Filter>Source Files\Entities\GameObjects\DynamicObjects</Filter>
    </ClCompile>
    <ClCompile Include="Turtle.cpp">
      <Filter>Source Files\Entities\GameObjects\DynamicObjects</Filter>
    </ClCompile>
    <ClCompile Include="TimberLog.cpp">
      <Filter>Source Files\Entities\GameObjects\DynamicObjects</Filter>
    </ClCompile>
    <ClCompile Include="Frog.cpp">
      <Filter>Source Files\Entities\GameObjects\DynamicObjects</Filter>
    </ClCompile>
    <ClCompile Include="Car.cpp">
      <Filter>Source Files\Entities\GameObjects\DynamicObjects</Filter>
    </ClCompile>
    <ClCompile Include="GameObject.cpp">
      <Filter>Source Files\Entities</Filter>
    </ClCompile>
    <ClCompile Include="Camera.cpp">
      <Filter>Source Files\Entities</Filter>
    </ClCompile>
    <ClCompile Include="GameManager.cpp">
      <Filter>Source Files</Filter>
    </ClCompile>
    <ClCompile Include="Vector3.cpp">
      <Filter>Source Files</Filter>
    </ClCompile>
    <ClCompile Include="Vector4.cpp">
      <Filter>Source Files</Filter>
    </ClCompile>
    <ClCompile Include="Main.cpp">
      <Filter>Source Files</Filter>
    </ClCompile>
    <ClCompile Include="PerspectiveCamera.cpp">
      <Filter>Source Files\Entities\GameObjects\Cameras</Filter>
    </ClCompile>
    <ClCompile Include="OrthogonalCamera.cpp">
      <Filter>Source Files\Entities\GameObjects\Cameras</Filter>
    </ClCompile>
    <ClCompile Include="Limit.cpp">
      <Filter>Source Files\Entities\GameObjects\StaticObjects</Filter>
    </ClCompile>
    <ClCompile Include="Lights.cpp">
      <Filter>Source Files</Filter>
    </ClCompile>
    <ClCompile Include="Draw.cpp">
      <Filter>Source Files</Filter>
    </ClCompile>
  </ItemGroup>
  <ItemGroup>
    <ClInclude Include="Entity.h">
      <Filter>Header Files</Filter>
    </ClInclude>
    <ClInclude Include="GameObject.h">
      <Filter>Header Files</Filter>
    </ClInclude>
    <ClInclude Include="StaticObject.h">
      <Filter>Header Files</Filter>
    </ClInclude>
    <ClInclude Include="River.h">
      <Filter>Header Files</Filter>
    </ClInclude>
    <ClInclude Include="RiverSide.h">
      <Filter>Header Files</Filter>
    </ClInclude>
    <ClInclude Include="Road.h">
      <Filter>Header Files</Filter>
    </ClInclude>
    <ClInclude Include="RoadSide.h">
      <Filter>Header Files</Filter>
    </ClInclude>
    <ClInclude Include="DynamicObject.h">
      <Filter>Header Files</Filter>
    </ClInclude>
    <ClInclude Include="Bus.h">
      <Filter>Header Files</Filter>
    </ClInclude>
    <ClInclude Include="Car.h">
      <Filter>Header Files</Filter>
    </ClInclude>
    <ClInclude Include="Frog.h">
      <Filter>Header Files</Filter>
    </ClInclude>
    <ClInclude Include="TimberLog.h">
      <Filter>Header Files</Filter>
    </ClInclude>
    <ClInclude Include="Turtle.h">
      <Filter>Header Files</Filter>
    </ClInclude>
    <ClInclude Include="Camera.h">
      <Filter>Header Files</Filter>
    </ClInclude>
    <ClInclude Include="GameManager.h">
      <Filter>Header Files</Filter>
    </ClInclude>
    <ClInclude Include="Vector3.h">
      <Filter>Header Files</Filter>
    </ClInclude>
    <ClInclude Include="Vector4.h">
      <Filter>Header Files</Filter>
    </ClInclude>
    <ClInclude Include="PerspectiveCamera.h">
      <Filter>Header Files</Filter>
    </ClInclude>
    <ClInclude Include="OrthogonalCamera.h">
      <Filter>Header Files</Filter>
    </ClInclude>
    <ClInclude Include="Limit.h">
      <Filter>Header Files</Filter>
    </ClInclude>
    <ClInclude Include="Lights.h">
      <Filter>Header Files</Filter>
    </ClInclude>
    <ClInclude Include="Draw.h">
      <Filter>Header Files</Filter>
    </ClInclude>
  </ItemGroup>
  <ItemGroup>
    <Image Include="D:\FroggerCG\river.bmp">
      <Filter>Resource Files</Filter>
    </Image>
    <Image Include="roadTexture.bmp">
      <Filter>Resource Files</Filter>
    </Image>
  </ItemGroup>
</Project>